
Microsoft Visual Studio Solution File, Format Version 12.00
# Visual Studio 15
VisualStudioVersion = 15.0.27703.2000
MinimumVisualStudioVersion = 10.0.40219.1
Project("{FAE04EC0-301F-11D3-BF4B-00C04F79EFBC}") = "NewYorkDeaths", "NewYorkDeaths\NewYorkDeaths.csproj", "{CBDF1CC5-547A-449F-B79F-E8B26F29287C}"
EndProject
Global
	GlobalSection(SolutionConfigurationPlatforms) = preSolution
		Debug|Any CPU = Debug|Any CPU
		Release|Any CPU = Release|Any CPU
	EndGlobalSection
	GlobalSection(ProjectConfigurationPlatforms) = postSolution
		{CBDF1CC5-547A-449F-B79F-E8B26F29287C}.Debug|Any CPU.ActiveCfg = Debug|Any CPU
		{CBDF1CC5-547A-449F-B79F-E8B26F29287C}.Debug|Any CPU.Build.0 = Debug|Any CPU
		{CBDF1CC5-547A-449F-B79F-E8B26F29287C}.Release|Any CPU.ActiveCfg = Release|Any CPU
		{CBDF1CC5-547A-449F-B79F-E8B26F29287C}.Release|Any CPU.Build.0 = Release|Any CPU
	EndGlobalSection
	GlobalSection(SolutionProperties) = preSolution
		HideSolutionNode = FALSE
	EndGlobalSection
	GlobalSection(ExtensibilityGlobals) = postSolution
		SolutionGuid = {291D8755-8E0A-41E6-9679-08C463F1234A}
	EndGlobalSection
EndGlobal
